// !$*UTF8*$!
{
	archiveVersion = 1;
	classes = {
	};
	objectVersion = 56;
	objects = {

/* Begin PBXBuildFile section */
		3013513D2C7DA66800DF64EC /* AddTodosViewController.swift in Sources */ = {isa = PBXBuildFile; fileRef = 3013513C2C7DA66800DF64EC /* AddTodosViewController.swift */; };
		30505AB42C7E54F80055AE5F /* UIView+shakeAnimation.swift in Sources */ = {isa = PBXBuildFile; fileRef = 30505AB32C7E54F80055AE5F /* UIView+shakeAnimation.swift */; };
		305BBDEC2C7CF41800032E56 /* AppDelegate.swift in Sources */ = {isa = PBXBuildFile; fileRef = 305BBDEB2C7CF41800032E56 /* AppDelegate.swift */; };
		305BBDEE2C7CF41800032E56 /* SceneDelegate.swift in Sources */ = {isa = PBXBuildFile; fileRef = 305BBDED2C7CF41800032E56 /* SceneDelegate.swift */; };
		305BBDF02C7CF41800032E56 /* MainViewController.swift in Sources */ = {isa = PBXBuildFile; fileRef = 305BBDEF2C7CF41800032E56 /* MainViewController.swift */; };
		305BBDF62C7CF41800032E56 /* testTaskEffectiveMobile.xcdatamodeld in Sources */ = {isa = PBXBuildFile; fileRef = 305BBDF42C7CF41800032E56 /* testTaskEffectiveMobile.xcdatamodeld */; };
		305BBDF82C7CF41A00032E56 /* Assets.xcassets in Resources */ = {isa = PBXBuildFile; fileRef = 305BBDF72C7CF41A00032E56 /* Assets.xcassets */; };
		305BBDFB2C7CF41A00032E56 /* Base in Resources */ = {isa = PBXBuildFile; fileRef = 305BBDFA2C7CF41A00032E56 /* Base */; };
		305BBE0A2C7CF6B900032E56 /* CoreDataManager.swift in Sources */ = {isa = PBXBuildFile; fileRef = 305BBE092C7CF6B900032E56 /* CoreDataManager.swift */; };
		305BBE0C2C7CF6C800032E56 /* DataManager.swift in Sources */ = {isa = PBXBuildFile; fileRef = 305BBE0B2C7CF6C800032E56 /* DataManager.swift */; };
		305BBE0E2C7CF75500032E56 /* NetworkManager.swift in Sources */ = {isa = PBXBuildFile; fileRef = 305BBE0D2C7CF75500032E56 /* NetworkManager.swift */; };
		305BBE102C7CFCAD00032E56 /* Todos.swift in Sources */ = {isa = PBXBuildFile; fileRef = 305BBE0F2C7CFCAD00032E56 /* Todos.swift */; };
		305BBE122C7D00BE00032E56 /* TodosEntity.swift in Sources */ = {isa = PBXBuildFile; fileRef = 305BBE112C7D00BE00032E56 /* TodosEntity.swift */; };
		30E8CED32C7EDCBB00F69401 /* EditingTodosViewController.swift in Sources */ = {isa = PBXBuildFile; fileRef = 30E8CED22C7EDCBB00F69401 /* EditingTodosViewController.swift */; };
/* End PBXBuildFile section */

/* Begin PBXFileReference section */
		3013513C2C7DA66800DF64EC /* AddTodosViewController.swift */ = {isa = PBXFileReference; lastKnownFileType = sourcecode.swift; path = AddTodosViewController.swift; sourceTree = "<group>"; };
		30505AB32C7E54F80055AE5F /* UIView+shakeAnimation.swift */ = {isa = PBXFileReference; lastKnownFileType = sourcecode.swift; path = "UIView+shakeAnimation.swift"; sourceTree = "<group>"; };
		305BBDE82C7CF41800032E56 /* testTaskEffectiveMobile.app */ = {isa = PBXFileReference; explicitFileType = wrapper.application; includeInIndex = 0; path = testTaskEffectiveMobile.app; sourceTree = BUILT_PRODUCTS_DIR; };
		305BBDEB2C7CF41800032E56 /* AppDelegate.swift */ = {isa = PBXFileReference; lastKnownFileType = sourcecode.swift; path = AppDelegate.swift; sourceTree = "<group>"; };
		305BBDED2C7CF41800032E56 /* SceneDelegate.swift */ = {isa = PBXFileReference; lastKnownFileType = sourcecode.swift; path = SceneDelegate.swift; sourceTree = "<group>"; };
		305BBDEF2C7CF41800032E56 /* MainViewController.swift */ = {isa = PBXFileReference; lastKnownFileType = sourcecode.swift; path = MainViewController.swift; sourceTree = "<group>"; };
		305BBDF52C7CF41800032E56 /* testTaskEffectiveMobile.xcdatamodel */ = {isa = PBXFileReference; lastKnownFileType = wrapper.xcdatamodel; path = testTaskEffectiveMobile.xcdatamodel; sourceTree = "<group>"; };
		305BBDF72C7CF41A00032E56 /* Assets.xcassets */ = {isa = PBXFileReference; lastKnownFileType = folder.assetcatalog; path = Assets.xcassets; sourceTree = "<group>"; };
		305BBDFA2C7CF41A00032E56 /* Base */ = {isa = PBXFileReference; lastKnownFileType = file.storyboard; name = Base; path = Base.lproj/LaunchScreen.storyboard; sourceTree = "<group>"; };
		305BBDFC2C7CF41A00032E56 /* Info.plist */ = {isa = PBXFileReference; lastKnownFileType = text.plist.xml; path = Info.plist; sourceTree = "<group>"; };
		305BBE092C7CF6B900032E56 /* CoreDataManager.swift */ = {isa = PBXFileReference; lastKnownFileType = sourcecode.swift; path = CoreDataManager.swift; sourceTree = "<group>"; };
		305BBE0B2C7CF6C800032E56 /* DataManager.swift */ = {isa = PBXFileReference; lastKnownFileType = sourcecode.swift; path = DataManager.swift; sourceTree = "<group>"; };
		305BBE0D2C7CF75500032E56 /* NetworkManager.swift */ = {isa = PBXFileReference; lastKnownFileType = sourcecode.swift; path = NetworkManager.swift; sourceTree = "<group>"; };
		305BBE0F2C7CFCAD00032E56 /* Todos.swift */ = {isa = PBXFileReference; lastKnownFileType = sourcecode.swift; path = Todos.swift; sourceTree = "<group>"; };
		305BBE112C7D00BE00032E56 /* TodosEntity.swift */ = {isa = PBXFileReference; lastKnownFileType = sourcecode.swift; path = TodosEntity.swift; sourceTree = "<group>"; };
		30E8CED22C7EDCBB00F69401 /* EditingTodosViewController.swift */ = {isa = PBXFileReference; lastKnownFileType = sourcecode.swift; path = EditingTodosViewController.swift; sourceTree = "<group>"; };
/* End PBXFileReference section */

/* Begin PBXFrameworksBuildPhase section */
		305BBDE52C7CF41800032E56 /* Frameworks */ = {
			isa = PBXFrameworksBuildPhase;
			buildActionMask = 2147483647;
			files = (
			);
			runOnlyForDeploymentPostprocessing = 0;
		};
/* End PBXFrameworksBuildPhase section */

/* Begin PBXGroup section */
		30505AB22C7E54E40055AE5F /* Extension */ = {
			isa = PBXGroup;
			children = (
				30505AB32C7E54F80055AE5F /* UIView+shakeAnimation.swift */,
			);
			path = Extension;
			sourceTree = "<group>";
		};
		305BBDDF2C7CF41800032E56 = {
			isa = PBXGroup;
			children = (
				305BBDEA2C7CF41800032E56 /* testTaskEffectiveMobile */,
				305BBDE92C7CF41800032E56 /* Products */,
			);
			sourceTree = "<group>";
		};
		305BBDE92C7CF41800032E56 /* Products */ = {
			isa = PBXGroup;
			children = (
				305BBDE82C7CF41800032E56 /* testTaskEffectiveMobile.app */,
			);
			name = Products;
			sourceTree = "<group>";
		};
		305BBDEA2C7CF41800032E56 /* testTaskEffectiveMobile */ = {
			isa = PBXGroup;
			children = (
				305BBE032C7CF49200032E56 /* Application */,
				305BBE042C7CF4AE00032E56 /* Controllers */,
				305BBE052C7CF4D000032E56 /* Core */,
				305BBE062C7CF4DD00032E56 /* DataBaseModels */,
				30505AB22C7E54E40055AE5F /* Extension */,
				305BBE072C7CF4F200032E56 /* Models */,
				305BBE082C7CF51E00032E56 /* Networking */,
				305BBE022C7CF45100032E56 /* Resource */,
			);
			path = testTaskEffectiveMobile;
			sourceTree = "<group>";
		};
		305BBE022C7CF45100032E56 /* Resource */ = {
			isa = PBXGroup;
			children = (
				305BBDF72C7CF41A00032E56 /* Assets.xcassets */,
				305BBDF92C7CF41A00032E56 /* LaunchScreen.storyboard */,
				305BBDFC2C7CF41A00032E56 /* Info.plist */,
				305BBDF42C7CF41800032E56 /* testTaskEffectiveMobile.xcdatamodeld */,
			);
			path = Resource;
			sourceTree = "<group>";
		};
		305BBE032C7CF49200032E56 /* Application */ = {
			isa = PBXGroup;
			children = (
				305BBDEB2C7CF41800032E56 /* AppDelegate.swift */,
				305BBDED2C7CF41800032E56 /* SceneDelegate.swift */,
			);
			path = Application;
			sourceTree = "<group>";
		};
		305BBE042C7CF4AE00032E56 /* Controllers */ = {
			isa = PBXGroup;
			children = (
				3013513C2C7DA66800DF64EC /* AddTodosViewController.swift */,
				30E8CED22C7EDCBB00F69401 /* EditingTodosViewController.swift */,
				305BBDEF2C7CF41800032E56 /* MainViewController.swift */,
			);
			path = Controllers;
			sourceTree = "<group>";
		};
		305BBE052C7CF4D000032E56 /* Core */ = {
			isa = PBXGroup;
			children = (
				305BBE092C7CF6B900032E56 /* CoreDataManager.swift */,
				305BBE0B2C7CF6C800032E56 /* DataManager.swift */,
			);
			path = Core;
			sourceTree = "<group>";
		};
		305BBE062C7CF4DD00032E56 /* DataBaseModels */ = {
			isa = PBXGroup;
			children = (
				305BBE112C7D00BE00032E56 /* TodosEntity.swift */,
			);
			path = DataBaseModels;
			sourceTree = "<group>";
		};
		305BBE072C7CF4F200032E56 /* Models */ = {
			isa = PBXGroup;
			children = (
				305BBE0F2C7CFCAD00032E56 /* Todos.swift */,
			);
			path = Models;
			sourceTree = "<group>";
		};
		305BBE082C7CF51E00032E56 /* Networking */ = {
			isa = PBXGroup;
			children = (
				305BBE0D2C7CF75500032E56 /* NetworkManager.swift */,
			);
			path = Networking;
			sourceTree = "<group>";
		};
/* End PBXGroup section */

/* Begin PBXNativeTarget section */
		305BBDE72C7CF41800032E56 /* testTaskEffectiveMobile */ = {
			isa = PBXNativeTarget;
			buildConfigurationList = 305BBDFF2C7CF41A00032E56 /* Build configuration list for PBXNativeTarget "testTaskEffectiveMobile" */;
			buildPhases = (
				305BBDE42C7CF41800032E56 /* Sources */,
				305BBDE52C7CF41800032E56 /* Frameworks */,
				305BBDE62C7CF41800032E56 /* Resources */,
			);
			buildRules = (
			);
			dependencies = (
			);
			name = testTaskEffectiveMobile;
			productName = testTaskEffectiveMobile;
			productReference = 305BBDE82C7CF41800032E56 /* testTaskEffectiveMobile.app */;
			productType = "com.apple.product-type.application";
		};
/* End PBXNativeTarget section */

/* Begin PBXProject section */
		305BBDE02C7CF41800032E56 /* Project object */ = {
			isa = PBXProject;
			attributes = {
				BuildIndependentTargetsInParallel = 1;
				LastSwiftUpdateCheck = 1540;
				LastUpgradeCheck = 1540;
				TargetAttributes = {
					305BBDE72C7CF41800032E56 = {
						CreatedOnToolsVersion = 15.4;
					};
				};
			};
			buildConfigurationList = 305BBDE32C7CF41800032E56 /* Build configuration list for PBXProject "testTaskEffectiveMobile" */;
			compatibilityVersion = "Xcode 14.0";
			developmentRegion = en;
			hasScannedForEncodings = 0;
			knownRegions = (
				en,
				Base,
			);
			mainGroup = 305BBDDF2C7CF41800032E56;
			productRefGroup = 305BBDE92C7CF41800032E56 /* Products */;
			projectDirPath = "";
			projectRoot = "";
			targets = (
				305BBDE72C7CF41800032E56 /* testTaskEffectiveMobile */,
			);
		};
/* End PBXProject section */

/* Begin PBXResourcesBuildPhase section */
		305BBDE62C7CF41800032E56 /* Resources */ = {
			isa = PBXResourcesBuildPhase;
			buildActionMask = 2147483647;
			files = (
				305BBDF82C7CF41A00032E56 /* Assets.xcassets in Resources */,
				305BBDFB2C7CF41A00032E56 /* Base in Resources */,
			);
			runOnlyForDeploymentPostprocessing = 0;
		};
/* End PBXResourcesBuildPhase section */

/* Begin PBXSourcesBuildPhase section */
		305BBDE42C7CF41800032E56 /* Sources */ = {
			isa = PBXSourcesBuildPhase;
			buildActionMask = 2147483647;
			files = (
				305BBDF62C7CF41800032E56 /* testTaskEffectiveMobile.xcdatamodeld in Sources */,
				305BBE0C2C7CF6C800032E56 /* DataManager.swift in Sources */,
				30505AB42C7E54F80055AE5F /* UIView+shakeAnimation.swift in Sources */,
				305BBDF02C7CF41800032E56 /* MainViewController.swift in Sources */,
				305BBE0E2C7CF75500032E56 /* NetworkManager.swift in Sources */,
				305BBDEC2C7CF41800032E56 /* AppDelegate.swift in Sources */,
				305BBE122C7D00BE00032E56 /* TodosEntity.swift in Sources */,
				3013513D2C7DA66800DF64EC /* AddTodosViewController.swift in Sources */,
				305BBE0A2C7CF6B900032E56 /* CoreDataManager.swift in Sources */,
				305BBDEE2C7CF41800032E56 /* SceneDelegate.swift in Sources */,
				30E8CED32C7EDCBB00F69401 /* EditingTodosViewController.swift in Sources */,
				305BBE102C7CFCAD00032E56 /* Todos.swift in Sources */,
			);
			runOnlyForDeploymentPostprocessing = 0;
		};
/* End PBXSourcesBuildPhase section */

/* Begin PBXVariantGroup section */
		305BBDF92C7CF41A00032E56 /* LaunchScreen.storyboard */ = {
			isa = PBXVariantGroup;
			children = (
				305BBDFA2C7CF41A00032E56 /* Base */,
			);
			name = LaunchScreen.storyboard;
			sourceTree = "<group>";
		};
/* End PBXVariantGroup section */

/* Begin XCBuildConfiguration section */
		305BBDFD2C7CF41A00032E56 /* Debug */ = {
			isa = XCBuildConfiguration;
			buildSettings = {
				ALWAYS_SEARCH_USER_PATHS = NO;
				ASSETCATALOG_COMPILER_GENERATE_SWIFT_ASSET_SYMBOL_EXTENSIONS = YES;
				CLANG_ANALYZER_NONNULL = YES;
				CLANG_ANALYZER_NUMBER_OBJECT_CONVERSION = YES_AGGRESSIVE;
				CLANG_CXX_LANGUAGE_STANDARD = "gnu++20";
				CLANG_ENABLE_MODULES = YES;
				CLANG_ENABLE_OBJC_ARC = YES;
				CLANG_ENABLE_OBJC_WEAK = YES;
				CLANG_WARN_BLOCK_CAPTURE_AUTORELEASING = YES;
				CLANG_WARN_BOOL_CONVERSION = YES;
				CLANG_WARN_COMMA = YES;
				CLANG_WARN_CONSTANT_CONVERSION = YES;
				CLANG_WARN_DEPRECATED_OBJC_IMPLEMENTATIONS = YES;
				CLANG_WARN_DIRECT_OBJC_ISA_USAGE = YES_ERROR;
				CLANG_WARN_DOCUMENTATION_COMMENTS = YES;
				CLANG_WARN_EMPTY_BODY = YES;
				CLANG_WARN_ENUM_CONVERSION = YES;
				CLANG_WARN_INFINITE_RECURSION = YES;
				CLANG_WARN_INT_CONVERSION = YES;
				CLANG_WARN_NON_LITERAL_NULL_CONVERSION = YES;
				CLANG_WARN_OBJC_IMPLICIT_RETAIN_SELF = YES;
				CLANG_WARN_OBJC_LITERAL_CONVERSION = YES;
				CLANG_WARN_OBJC_ROOT_CLASS = YES_ERROR;
				CLANG_WARN_QUOTED_INCLUDE_IN_FRAMEWORK_HEADER = YES;
				CLANG_WARN_RANGE_LOOP_ANALYSIS = YES;
				CLANG_WARN_STRICT_PROTOTYPES = YES;
				CLANG_WARN_SUSPICIOUS_MOVE = YES;
				CLANG_WARN_UNGUARDED_AVAILABILITY = YES_AGGRESSIVE;
				CLANG_WARN_UNREACHABLE_CODE = YES;
				CLANG_WARN__DUPLICATE_METHOD_MATCH = YES;
				COPY_PHASE_STRIP = NO;
				DEBUG_INFORMATION_FORMAT = dwarf;
				ENABLE_STRICT_OBJC_MSGSEND = YES;
				ENABLE_TESTABILITY = YES;
				ENABLE_USER_SCRIPT_SANDBOXING = YES;
				GCC_C_LANGUAGE_STANDARD = gnu17;
				GCC_DYNAMIC_NO_PIC = NO;
				GCC_NO_COMMON_BLOCKS = YES;
				GCC_OPTIMIZATION_LEVEL = 0;
				GCC_PREPROCESSOR_DEFINITIONS = (
					"DEBUG=1",
					"$(inherited)",
				);
				GCC_WARN_64_TO_32_BIT_CONVERSION = YES;
				GCC_WARN_ABOUT_RETURN_TYPE = YES_ERROR;
				GCC_WARN_UNDECLARED_SELECTOR = YES;
				GCC_WARN_UNINITIALIZED_AUTOS = YES_AGGRESSIVE;
				GCC_WARN_UNUSED_FUNCTION = YES;
				GCC_WARN_UNUSED_VARIABLE = YES;
				IPHONEOS_DEPLOYMENT_TARGET = 17.5;
				LOCALIZATION_PREFERS_STRING_CATALOGS = YES;
				MTL_ENABLE_DEBUG_INFO = INCLUDE_SOURCE;
				MTL_FAST_MATH = YES;
				ONLY_ACTIVE_ARCH = YES;
				SDKROOT = iphoneos;
				SWIFT_ACTIVE_COMPILATION_CONDITIONS = "DEBUG $(inherited)";
				SWIFT_OPTIMIZATION_LEVEL = "-Onone";
			};
			name = Debug;
		};
		305BBDFE2C7CF41A00032E56 /* Release */ = {
			isa = XCBuildConfiguration;
			buildSettings = {
				ALWAYS_SEARCH_USER_PATHS = NO;
				ASSETCATALOG_COMPILER_GENERATE_SWIFT_ASSET_SYMBOL_EXTENSIONS = YES;
				CLANG_ANALYZER_NONNULL = YES;
				CLANG_ANALYZER_NUMBER_OBJECT_CONVERSION = YES_AGGRESSIVE;
				CLANG_CXX_LANGUAGE_STANDARD = "gnu++20";
				CLANG_ENABLE_MODULES = YES;
				CLANG_ENABLE_OBJC_ARC = YES;
				CLANG_ENABLE_OBJC_WEAK = YES;
				CLANG_WARN_BLOCK_CAPTURE_AUTORELEASING = YES;
				CLANG_WARN_BOOL_CONVERSION = YES;
				CLANG_WARN_COMMA = YES;
				CLANG_WARN_CONSTANT_CONVERSION = YES;
				CLANG_WARN_DEPRECATED_OBJC_IMPLEMENTATIONS = YES;
				CLANG_WARN_DIRECT_OBJC_ISA_USAGE = YES_ERROR;
				CLANG_WARN_DOCUMENTATION_COMMENTS = YES;
				CLANG_WARN_EMPTY_BODY = YES;
				CLANG_WARN_ENUM_CONVERSION = YES;
				CLANG_WARN_INFINITE_RECURSION = YES;
				CLANG_WARN_INT_CONVERSION = YES;
				CLANG_WARN_NON_LITERAL_NULL_CONVERSION = YES;
				CLANG_WARN_OBJC_IMPLICIT_RETAIN_SELF = YES;
				CLANG_WARN_OBJC_LITERAL_CONVERSION = YES;
				CLANG_WARN_OBJC_ROOT_CLASS = YES_ERROR;
				CLANG_WARN_QUOTED_INCLUDE_IN_FRAMEWORK_HEADER = YES;
				CLANG_WARN_RANGE_LOOP_ANALYSIS = YES;
				CLANG_WARN_STRICT_PROTOTYPES = YES;
				CLANG_WARN_SUSPICIOUS_MOVE = YES;
				CLANG_WARN_UNGUARDED_AVAILABILITY = YES_AGGRESSIVE;
				CLANG_WARN_UNREACHABLE_CODE = YES;
				CLANG_WARN__DUPLICATE_METHOD_MATCH = YES;
				COPY_PHASE_STRIP = NO;
				DEBUG_INFORMATION_FORMAT = "dwarf-with-dsym";
				ENABLE_NS_ASSERTIONS = NO;
				ENABLE_STRICT_OBJC_MSGSEND = YES;
				ENABLE_USER_SCRIPT_SANDBOXING = YES;
				GCC_C_LANGUAGE_STANDARD = gnu17;
				GCC_NO_COMMON_BLOCKS = YES;
				GCC_WARN_64_TO_32_BIT_CONVERSION = YES;
				GCC_WARN_ABOUT_RETURN_TYPE = YES_ERROR;
				GCC_WARN_UNDECLARED_SELECTOR = YES;
				GCC_WARN_UNINITIALIZED_AUTOS = YES_AGGRESSIVE;
				GCC_WARN_UNUSED_FUNCTION = YES;
				GCC_WARN_UNUSED_VARIABLE = YES;
				IPHONEOS_DEPLOYMENT_TARGET = 17.5;
				LOCALIZATION_PREFERS_STRING_CATALOGS = YES;
				MTL_ENABLE_DEBUG_INFO = NO;
				MTL_FAST_MATH = YES;
				SDKROOT = iphoneos;
				SWIFT_COMPILATION_MODE = wholemodule;
				VALIDATE_PRODUCT = YES;
			};
			name = Release;
		};
		305BBE002C7CF41A00032E56 /* Debug */ = {
			isa = XCBuildConfiguration;
			buildSettings = {
				ASSETCATALOG_COMPILER_APPICON_NAME = AppIcon;
				ASSETCATALOG_COMPILER_GLOBAL_ACCENT_COLOR_NAME = AccentColor;
				CODE_SIGN_STYLE = Automatic;
				CURRENT_PROJECT_VERSION = 1;
				DEVELOPMENT_TEAM = BA39ZK5Z3N;
				GENERATE_INFOPLIST_FILE = YES;
				INFOPLIST_FILE = testTaskEffectiveMobile/Resource/Info.plist;
				INFOPLIST_KEY_UIApplicationSupportsIndirectInputEvents = YES;
				INFOPLIST_KEY_UILaunchStoryboardName = LaunchScreen;
				INFOPLIST_KEY_UISupportedInterfaceOrientations = UIInterfaceOrientationPortrait;
				INFOPLIST_KEY_UISupportedInterfaceOrientations_iPad = "UIInterfaceOrientationPortrait UIInterfaceOrientationPortraitUpsideDown";
				IPHONEOS_DEPLOYMENT_TARGET = 17.0;
				LD_RUNPATH_SEARCH_PATHS = (
					"$(inherited)",
					"@executable_path/Frameworks",
				);
				MARKETING_VERSION = 1.0;
				PRODUCT_BUNDLE_IDENTIFIER = ru.testTaskEffectiveMobile;
				PRODUCT_NAME = "$(TARGET_NAME)";
				SWIFT_EMIT_LOC_STRINGS = YES;
				SWIFT_VERSION = 5.0;
				TARGETED_DEVICE_FAMILY = "1,2";
			};
			name = Debug;
		};
		305BBE012C7CF41A00032E56 /* Release */ = {
			isa = XCBuildConfiguration;
			buildSettings = {
				ASSETCATALOG_COMPILER_APPICON_NAME = AppIcon;
				ASSETCATALOG_COMPILER_GLOBAL_ACCENT_COLOR_NAME = AccentColor;
				CODE_SIGN_STYLE = Automatic;
				CURRENT_PROJECT_VERSION = 1;
				DEVELOPMENT_TEAM = BA39ZK5Z3N;
				GENERATE_INFOPLIST_FILE = YES;
				INFOPLIST_FILE = testTaskEffectiveMobile/Resource/Info.plist;
				INFOPLIST_KEY_UIApplicationSupportsIndirectInputEvents = YES;
				INFOPLIST_KEY_UILaunchStoryboardName = LaunchScreen;
				INFOPLIST_KEY_UISupportedInterfaceOrientations = UIInterfaceOrientationPortrait;
				INFOPLIST_KEY_UISupportedInterfaceOrientations_iPad = "UIInterfaceOrientationPortrait UIInterfaceOrientationPortraitUpsideDown";
				IPHONEOS_DEPLOYMENT_TARGET = 17.0;
				LD_RUNPATH_SEARCH_PATHS = (
					"$(inherited)",
					"@executable_path/Frameworks",
				);
				MARKETING_VERSION = 1.0;
				PRODUCT_BUNDLE_IDENTIFIER = ru.testTaskEffectiveMobile;
				PRODUCT_NAME = "$(TARGET_NAME)";
				SWIFT_EMIT_LOC_STRINGS = YES;
				SWIFT_VERSION = 5.0;
				TARGETED_DEVICE_FAMILY = "1,2";
			};
			name = Release;
		};
/* End XCBuildConfiguration section */

/* Begin XCConfigurationList section */
		305BBDE32C7CF41800032E56 /* Build configuration list for PBXProject "testTaskEffectiveMobile" */ = {
			isa = XCConfigurationList;
			buildConfigurations = (
				305BBDFD2C7CF41A00032E56 /* Debug */,
				305BBDFE2C7CF41A00032E56 /* Release */,
			);
			defaultConfigurationIsVisible = 0;
			defaultConfigurationName = Release;
		};
		305BBDFF2C7CF41A00032E56 /* Build configuration list for PBXNativeTarget "testTaskEffectiveMobile" */ = {
			isa = XCConfigurationList;
			buildConfigurations = (
				305BBE002C7CF41A00032E56 /* Debug */,
				305BBE012C7CF41A00032E56 /* Release */,
			);
			defaultConfigurationIsVisible = 0;
			defaultConfigurationName = Release;
		};
/* End XCConfigurationList section */

/* Begin XCVersionGroup section */
		305BBDF42C7CF41800032E56 /* testTaskEffectiveMobile.xcdatamodeld */ = {
			isa = XCVersionGroup;
			children = (
				305BBDF52C7CF41800032E56 /* testTaskEffectiveMobile.xcdatamodel */,
			);
			currentVersion = 305BBDF52C7CF41800032E56 /* testTaskEffectiveMobile.xcdatamodel */;
			path = testTaskEffectiveMobile.xcdatamodeld;
			sourceTree = "<group>";
			versionGroupType = wrapper.xcdatamodel;
		};
/* End XCVersionGroup section */
	};
	rootObject = 305BBDE02C7CF41800032E56 /* Project object */;
}
